
Microsoft Visual Studio Solution File, Format Version 12.00
# Visual Studio Version 16
VisualStudioVersion = 16.0.30717.126
MinimumVisualStudioVersion = 10.0.40219.1
Project("{8BC9CEB8-8B4A-11D0-8D11-00A0C91BC942}") = "1475", "1475.vcxproj", "{D9B0E3A3-9072-4844-BB74-BB8342119ACD}"
EndProject
Global
	GlobalSection(SolutionConfigurationPlatforms) = preSolution
		Debug|x64 = Debug|x64
		Debug|x86 = Debug|x86
		Release|x64 = Release|x64
		Release|x86 = Release|x86
	EndGlobalSection
	GlobalSection(ProjectConfigurationPlatforms) = postSolution
		{D9B0E3A3-9072-4844-BB74-BB8342119ACD}.Debug|x64.ActiveCfg = Debug|x64
		{D9B0E3A3-9072-4844-BB74-BB8342119ACD}.Debug|x64.Build.0 = Debug|x64
		{D9B0E3A3-9072-4844-BB74-BB8342119ACD}.Debug|x86.ActiveCfg = Debug|Win32
		{D9B0E3A3-9072-4844-BB74-BB8342119ACD}.Debug|x86.Build.0 = Debug|Win32
		{D9B0E3A3-9072-4844-BB74-BB8342119ACD}.Release|x64.ActiveCfg = Release|x64
		{D9B0E3A3-9072-4844-BB74-BB8342119ACD}.Release|x64.Build.0 = Release|x64
		{D9B0E3A3-9072-4844-BB74-BB8342119ACD}.Release|x86.ActiveCfg = Release|Win32
		{D9B0E3A3-9072-4844-BB74-BB8342119ACD}.Release|x86.Build.0 = Release|Win32
	EndGlobalSection
	GlobalSection(SolutionProperties) = preSolution
		HideSolutionNode = FALSE
	EndGlobalSection
	GlobalSection(ExtensibilityGlobals) = postSolution
		SolutionGuid = {19996866-E583-4D60-91D5-6324A7F83E6B}
	EndGlobalSection
EndGlobal
